
Microsoft Visual Studio Solution File, Format Version 12.00
# Visual Studio Version 16
VisualStudioVersion = 16.0.31515.178
MinimumVisualStudioVersion = 10.0.40219.1
Project("{9A19103F-16F7-4668-BE54-9A1E7A4F7556}") = "Microservices.Product.API", "Microservices.Product.API\Microservices.Product.API.csproj", "{1BFBAEE3-6A53-4313-8CA7-CB79694A29B1}"
EndProject
Project("{9A19103F-16F7-4668-BE54-9A1E7A4F7556}") = "Microservices.WebUI", "Microservices.WebUI\Microservices.WebUI.csproj", "{CF1828F7-9CBC-41CF-B020-A81AA53C989D}"
EndProject
Project("{9A19103F-16F7-4668-BE54-9A1E7A4F7556}") = "Microservices.Gateway", "Microservices.Gateway\Microservices.Gateway.csproj", "{00915BEC-A855-4AAC-B817-65C2A102BE0B}"
EndProject
Global
	GlobalSection(SolutionConfigurationPlatforms) = preSolution
		Debug|Any CPU = Debug|Any CPU
		Release|Any CPU = Release|Any CPU
	EndGlobalSection
	GlobalSection(ProjectConfigurationPlatforms) = postSolution
		{1BFBAEE3-6A53-4313-8CA7-CB79694A29B1}.Debug|Any CPU.ActiveCfg = Debug|Any CPU
		{1BFBAEE3-6A53-4313-8CA7-CB79694A29B1}.Debug|Any CPU.Build.0 = Debug|Any CPU
		{1BFBAEE3-6A53-4313-8CA7-CB79694A29B1}.Release|Any CPU.ActiveCfg = Release|Any CPU
		{1BFBAEE3-6A53-4313-8CA7-CB79694A29B1}.Release|Any CPU.Build.0 = Release|Any CPU
		{CF1828F7-9CBC-41CF-B020-A81AA53C989D}.Debug|Any CPU.ActiveCfg = Debug|Any CPU
		{CF1828F7-9CBC-41CF-B020-A81AA53C989D}.Debug|Any CPU.Build.0 = Debug|Any CPU
		{CF1828F7-9CBC-41CF-B020-A81AA53C989D}.Release|Any CPU.ActiveCfg = Release|Any CPU
		{CF1828F7-9CBC-41CF-B020-A81AA53C989D}.Release|Any CPU.Build.0 = Release|Any CPU
		{00915BEC-A855-4AAC-B817-65C2A102BE0B}.Debug|Any CPU.ActiveCfg = Debug|Any CPU
		{00915BEC-A855-4AAC-B817-65C2A102BE0B}.Debug|Any CPU.Build.0 = Debug|Any CPU
		{00915BEC-A855-4AAC-B817-65C2A102BE0B}.Release|Any CPU.ActiveCfg = Release|Any CPU
		{00915BEC-A855-4AAC-B817-65C2A102BE0B}.Release|Any CPU.Build.0 = Release|Any CPU
	EndGlobalSection
	GlobalSection(SolutionProperties) = preSolution
		HideSolutionNode = FALSE
	EndGlobalSection
	GlobalSection(ExtensibilityGlobals) = postSolution
		SolutionGuid = {971807E3-CDCF-40E7-B867-BA112CA95EC2}
	EndGlobalSection
EndGlobal
